
Microsoft Visual Studio Solution File, Format Version 12.00
# Visual Studio Version 17
VisualStudioVersion = 17.13.35931.197
MinimumVisualStudioVersion = 10.0.40219.1
Project("{FAE04EC0-301F-11D3-BF4B-00C04F79EFBC}") = "HotelRoomManagementAPI", "HotelRoomManagementAPI\HotelRoomManagementAPI.csproj", "{86F77855-6312-4E4A-92A2-62B922732474}"
	ProjectSection(ProjectDependencies) = postProject
		{F873665E-EBD8-C857-4F38-2F766A818FAB} = {F873665E-EBD8-C857-4F38-2F766A818FAB}
	EndProjectSection
EndProject
Project("{FAE04EC0-301F-11D3-BF4B-00C04F79EFBC}") = "HotelManagement.Services", "HotelManagement.SERVICES\HotelManagement.Services.csproj", "{662A0539-9F0A-413E-A154-48235C6F0B20}"
EndProject
Project("{FAE04EC0-301F-11D3-BF4B-00C04F79EFBC}") = "HotelManagement.Tests", "HotelManagement.TESTS\HotelManagement.Tests.csproj", "{26BF2BA6-9A2A-443B-A076-1AB98365CF8F}"
	ProjectSection(ProjectDependencies) = postProject
		{F873665E-EBD8-C857-4F38-2F766A818FAB} = {F873665E-EBD8-C857-4F38-2F766A818FAB}
	EndProjectSection
EndProject
Project("{FAE04EC0-301F-11D3-BF4B-00C04F79EFBC}") = "HotelManagement.Data", "HotelManagement.Data\HotelManagement.Data.csproj", "{F873665E-EBD8-C857-4F38-2F766A818FAB}"
EndProject
Global
	GlobalSection(SolutionConfigurationPlatforms) = preSolution
		Debug|Any CPU = Debug|Any CPU
		Release|Any CPU = Release|Any CPU
	EndGlobalSection
	GlobalSection(ProjectConfigurationPlatforms) = postSolution
		{86F77855-6312-4E4A-92A2-62B922732474}.Debug|Any CPU.ActiveCfg = Debug|Any CPU
		{86F77855-6312-4E4A-92A2-62B922732474}.Debug|Any CPU.Build.0 = Debug|Any CPU
		{86F77855-6312-4E4A-92A2-62B922732474}.Release|Any CPU.ActiveCfg = Release|Any CPU
		{86F77855-6312-4E4A-92A2-62B922732474}.Release|Any CPU.Build.0 = Release|Any CPU
		{662A0539-9F0A-413E-A154-48235C6F0B20}.Debug|Any CPU.ActiveCfg = Debug|Any CPU
		{662A0539-9F0A-413E-A154-48235C6F0B20}.Debug|Any CPU.Build.0 = Debug|Any CPU
		{662A0539-9F0A-413E-A154-48235C6F0B20}.Release|Any CPU.ActiveCfg = Release|Any CPU
		{662A0539-9F0A-413E-A154-48235C6F0B20}.Release|Any CPU.Build.0 = Release|Any CPU
		{26BF2BA6-9A2A-443B-A076-1AB98365CF8F}.Debug|Any CPU.ActiveCfg = Debug|Any CPU
		{26BF2BA6-9A2A-443B-A076-1AB98365CF8F}.Debug|Any CPU.Build.0 = Debug|Any CPU
		{26BF2BA6-9A2A-443B-A076-1AB98365CF8F}.Release|Any CPU.ActiveCfg = Release|Any CPU
		{26BF2BA6-9A2A-443B-A076-1AB98365CF8F}.Release|Any CPU.Build.0 = Release|Any CPU
		{F873665E-EBD8-C857-4F38-2F766A818FAB}.Debug|Any CPU.ActiveCfg = Debug|Any CPU
		{F873665E-EBD8-C857-4F38-2F766A818FAB}.Debug|Any CPU.Build.0 = Debug|Any CPU
		{F873665E-EBD8-C857-4F38-2F766A818FAB}.Release|Any CPU.ActiveCfg = Release|Any CPU
		{F873665E-EBD8-C857-4F38-2F766A818FAB}.Release|Any CPU.Build.0 = Release|Any CPU
	EndGlobalSection
	GlobalSection(SolutionProperties) = preSolution
		HideSolutionNode = FALSE
	EndGlobalSection
	GlobalSection(ExtensibilityGlobals) = postSolution
		SolutionGuid = {319012DD-93D0-4D1B-9923-2E28F9939933}
	EndGlobalSection
EndGlobal
